<?xml version="1.0" encoding="utf-8"?>
<Project ToolsVersion="4.0" xmlns="http://schemas.microsoft.com/developer/msbuild/2003">
  <ItemGroup>
    <Filter Include="Source">
      <UniqueIdentifier>{67cf2536-a911-47d6-8ace-b669d4445616}</UniqueIdentifier>
    </Filter>
    <Filter Include="Source\Graphics">
      <UniqueIdentifier>{fc3a2248-21fa-4fcd-83e7-a6a72d525ce2}</UniqueIdentifier>
    </Filter>
    <Filter Include="Source\Input">
      <UniqueIdentifier>{f4c82167-965f-468b-b45f-f20d90413f82}</UniqueIdentifier>
    </Filter>
    <Filter Include="Source\Shaders">
      <UniqueIdentifier>{b3a81d70-a6cd-4977-858a-5748d38178fc}</UniqueIdentifier>
    </Filter>
    <Filter Include="Source\ImGui">
      <UniqueIdentifier>{638cb199-fb83-407a-a633-9ed6aa923cf7}</UniqueIdentifier>
    </Filter>
    <Filter Include="Source\EntityComponentSystem">
      <UniqueIdentifier>{c2cf756b-80fc-4970-90c7-a9269ede42b2}</UniqueIdentifier>
    </Filter>
    <Filter Include="Source\EntityComponentSystem\Components">
      <UniqueIdentifier>{2b47b890-2ef5-407d-b6c8-c78061f8d445}</UniqueIdentifier>
    </Filter>
  </ItemGroup>
  <ItemGroup>
    <ClCompile Include="..\Source\main.cpp">
      <Filter>Source</Filter>
    </ClCompile>
    <ClCompile Include="..\Source\StringConverter.cpp">
      <Filter>Source</Filter>
    </ClCompile>
    <ClCompile Include="..\Source\ErrorLog.cpp">
      <Filter>Source</Filter>
    </ClCompile>
    <ClCompile Include="..\Source\RenderWindow.cpp">
      <Filter>Source</Filter>
    </ClCompile>
    <ClCompile Include="..\Source\Engine.cpp">
      <Filter>Source</Filter>
    </ClCompile>
    <ClCompile Include="..\Source\WindowContainer.cpp">
      <Filter>Source</Filter>
    </ClCompile>
    <ClCompile Include="..\Source\Graphics\Graphics.cpp">
      <Filter>Source\Graphics</Filter>
    </ClCompile>
    <ClCompile Include="..\Source\Graphics\AdapterReader.cpp">
      <Filter>Source\Graphics</Filter>
    </ClCompile>
    <ClCompile Include="..\Source\Shaders\Shaders.cpp">
      <Filter>Source\Shaders</Filter>
    </ClCompile>
    <ClCompile Include="..\Source\Graphics\Camera.cpp">
      <Filter>Source\Graphics</Filter>
    </ClCompile>
    <ClCompile Include="..\Source\Input\InputHandler.cpp">
      <Filter>Source\Input</Filter>
    </ClCompile>
    <ClCompile Include="..\Source\Timer.cpp">
      <Filter>Source</Filter>
    </ClCompile>
    <ClCompile Include="..\Source\ImGui\imgui.cpp">
      <Filter>Source\ImGui</Filter>
    </ClCompile>
    <ClCompile Include="..\Source\ImGui\imgui_demo.cpp">
      <Filter>Source\ImGui</Filter>
    </ClCompile>
    <ClCompile Include="..\Source\ImGui\imgui_draw.cpp">
      <Filter>Source\ImGui</Filter>
    </ClCompile>
    <ClCompile Include="..\Source\ImGui\imgui_impl_dx11.cpp">
      <Filter>Source\ImGui</Filter>
    </ClCompile>
    <ClCompile Include="..\Source\ImGui\imgui_impl_win32.cpp">
      <Filter>Source\ImGui</Filter>
    </ClCompile>
    <ClCompile Include="..\Source\ImGui\imgui_tables.cpp">
      <Filter>Source\ImGui</Filter>
    </ClCompile>
    <ClCompile Include="..\Source\ImGui\imgui_widgets.cpp">
      <Filter>Source\ImGui</Filter>
    </ClCompile>
    <ClCompile Include="..\Source\Graphics\Mesh.cpp">
      <Filter>Source\Graphics</Filter>
    </ClCompile>
    <ClCompile Include="..\Source\Graphics\TerrainGenerator.cpp">
      <Filter>Source\Graphics</Filter>
    </ClCompile>
    <ClCompile Include="..\Source\Graphics\DirectionalLight.cpp">
      <Filter>Source\Graphics</Filter>
    </ClCompile>
    <ClCompile Include="..\Source\Entity Component System\GameObject.cpp">
      <Filter>Source\EntityComponentSystem</Filter>
    </ClCompile>
    <ClCompile Include="..\Source\Entity Component System\Components\TransformComponent.cpp">
      <Filter>Source\EntityComponentSystem\Components</Filter>
    </ClCompile>
    <ClCompile Include="..\Source\Entity Component System\Components\Component.cpp">
      <Filter>Source\EntityComponentSystem\Components</Filter>
    </ClCompile>
    <ClCompile Include="..\Source\Entity Component System\Components\MaterialComponent.cpp">
      <Filter>Source\EntityComponentSystem\Components</Filter>
    </ClCompile>
    <ClCompile Include="..\Source\Entity Component System\Components\ModelComponent.cpp">
      <Filter>Source\EntityComponentSystem\Components</Filter>
    </ClCompile>
    <ClCompile Include="..\Source\Entity Component System\Components\BoxColliderComponent.cpp">
      <Filter>Source\EntityComponentSystem\Components</Filter>
    </ClCompile>
    <ClCompile Include="..\Source\Entity Component System\Components\ColliderComponent.cpp">
      <Filter>Source\EntityComponentSystem\Components</Filter>
    </ClCompile>
    <ClCompile Include="..\Source\Entity Component System\Components\GizmoComponent.cpp">
      <Filter>Source\EntityComponentSystem\Components</Filter>
    </ClCompile>
    <ClCompile Include="..\Source\Entity Component System\Components\SphereColliderComponent.cpp">
      <Filter>Source\EntityComponentSystem\Components</Filter>
    </ClCompile>
    <ClCompile Include="..\Source\Ray.cpp">
      <Filter>Source</Filter>
    </ClCompile>
  </ItemGroup>
  <ItemGroup>
    <ClInclude Include="..\Source\StringConverter.h">
      <Filter>Source</Filter>
    </ClInclude>
    <ClInclude Include="..\Source\ErrorLog.h">
      <Filter>Source</Filter>
    </ClInclude>
    <ClInclude Include="..\Source\RenderWindow.h">
      <Filter>Source</Filter>
    </ClInclude>
    <ClInclude Include="..\Source\Engine.h">
      <Filter>Source</Filter>
    </ClInclude>
    <ClInclude Include="..\Source\WindowContainer.h">
      <Filter>Source</Filter>
    </ClInclude>
    <ClInclude Include="..\Source\Graphics\Graphics.h">
      <Filter>Source\Graphics</Filter>
    </ClInclude>
    <ClInclude Include="..\Source\Graphics\AdapterReader.h">
      <Filter>Source\Graphics</Filter>
    </ClInclude>
    <ClInclude Include="..\Source\Graphics\Vertex.h">
      <Filter>Source\Graphics</Filter>
    </ClInclude>
    <ClInclude Include="..\Source\Shaders\Shaders.h">
      <Filter>Source\Shaders</Filter>
    </ClInclude>
    <ClInclude Include="..\Source\Graphics\VertexBuffer.h">
      <Filter>Source\Graphics</Filter>
    </ClInclude>
    <ClInclude Include="..\Source\Graphics\IndexBuffer.h">
      <Filter>Source\Graphics</Filter>
    </ClInclude>
    <ClInclude Include="..\Source\Graphics\ConstantBufferTypes.h">
      <Filter>Source\Graphics</Filter>
    </ClInclude>
    <ClInclude Include="..\Source\Graphics\ConstantBuffer.h">
      <Filter>Source\Graphics</Filter>
    </ClInclude>
    <ClInclude Include="..\Source\Graphics\Camera.h">
      <Filter>Source\Graphics</Filter>
    </ClInclude>
    <ClInclude Include="..\Source\Input\InputHandler.h">
      <Filter>Source\Input</Filter>
    </ClInclude>
    <ClInclude Include="..\Source\Timer.h">
      <Filter>Source</Filter>
    </ClInclude>
    <ClInclude Include="..\Source\ImGui\imconfig.h">
      <Filter>Source\ImGui</Filter>
    </ClInclude>
    <ClInclude Include="..\Source\ImGui\imgui.h">
      <Filter>Source\ImGui</Filter>
    </ClInclude>
    <ClInclude Include="..\Source\ImGui\imgui_impl_dx11.h">
      <Filter>Source\ImGui</Filter>
    </ClInclude>
    <ClInclude Include="..\Source\ImGui\imgui_impl_win32.h">
      <Filter>Source\ImGui</Filter>
    </ClInclude>
    <ClInclude Include="..\Source\ImGui\imgui_internal.h">
      <Filter>Source\ImGui</Filter>
    </ClInclude>
    <ClInclude Include="..\Source\ImGui\imstb_rectpack.h">
      <Filter>Source\ImGui</Filter>
    </ClInclude>
    <ClInclude Include="..\Source\ImGui\imstb_textedit.h">
      <Filter>Source\ImGui</Filter>
    </ClInclude>
    <ClInclude Include="..\Source\ImGui\imstb_truetype.h">
      <Filter>Source\ImGui</Filter>
    </ClInclude>
    <ClInclude Include="..\Source\Graphics\Mesh.h">
      <Filter>Source\Graphics</Filter>
    </ClInclude>
    <ClInclude Include="..\Source\Graphics\TerrainGenerator.h">
      <Filter>Source\Graphics</Filter>
    </ClInclude>
    <ClInclude Include="..\Source\PerlinNoise.hpp">
      <Filter>Source</Filter>
    </ClInclude>
    <ClInclude Include="..\Source\Graphics\DirectionalLight.h">
      <Filter>Source\Graphics</Filter>
    </ClInclude>
    <ClInclude Include="..\Source\Entity Component System\GameObject.h">
      <Filter>Source\EntityComponentSystem</Filter>
    </ClInclude>
    <ClInclude Include="..\Source\Entity Component System\Components\TransformComponent.h">
      <Filter>Source\EntityComponentSystem\Components</Filter>
    </ClInclude>
    <ClInclude Include="..\Source\Entity Component System\Components\Component.h">
      <Filter>Source\EntityComponentSystem\Components</Filter>
    </ClInclude>
    <ClInclude Include="..\Source\Entity Component System\Components\MaterialComponent.h">
      <Filter>Source\EntityComponentSystem\Components</Filter>
    </ClInclude>
    <ClInclude Include="..\Source\Entity Component System\Components\ModelComponent.h">
      <Filter>Source\EntityComponentSystem\Components</Filter>
    </ClInclude>
    <ClInclude Include="..\Source\Entity Component System\Components\GizmoComponent.h">
      <Filter>Source\EntityComponentSystem\Components</Filter>
    </ClInclude>
    <ClInclude Include="..\Source\Entity Component System\Components\BoxColliderComponent.h">
      <Filter>Source\EntityComponentSystem\Components</Filter>
    </ClInclude>
    <ClInclude Include="..\Source\Entity Component System\Components\ColliderComponent.h">
      <Filter>Source\EntityComponentSystem\Components</Filter>
    </ClInclude>
    <ClInclude Include="..\Source\PropertyDefines.h">
      <Filter>Source</Filter>
    </ClInclude>
    <ClInclude Include="..\Source\Entity Component System\Components\SphereColliderComponent.h">
      <Filter>Source\EntityComponentSystem\Components</Filter>
    </ClInclude>
    <ClInclude Include="..\Source\Ray.h">
      <Filter>Source</Filter>
    </ClInclude>
    <ClInclude Include="..\Source\Entity Component System\ComponentFactory.h">
      <Filter>Source\EntityComponentSystem</Filter>
    </ClInclude>
  </ItemGroup>
  <ItemGroup>
    <FxCompile Include="..\Source\Shaders\StandardVertexShader.hlsl">
      <Filter>Source\Shaders</Filter>
    </FxCompile>
    <FxCompile Include="..\Source\Shaders\StandardPixelShader.hlsl">
      <Filter>Source\Shaders</Filter>
    </FxCompile>
    <FxCompile Include="..\Source\Shaders\LinePixelShader.hlsl">
      <Filter>Source\Shaders</Filter>
    </FxCompile>
    <FxCompile Include="..\Source\Shaders\LineVertexShader.hlsl">
      <Filter>Source\Shaders</Filter>
    </FxCompile>
    <FxCompile Include="..\Source\Shaders\FunkyPixelShader.hlsl">
      <Filter>Source\Shaders</Filter>
    </FxCompile>
    <FxCompile Include="..\Source\Shaders\TerrainPixelShader.hlsl">
      <Filter>Source\Shaders</Filter>
    </FxCompile>
    <FxCompile Include="..\Source\Shaders\TerrainVertexShader.hlsl">
      <Filter>Source\Shaders</Filter>
    </FxCompile>
    <FxCompile Include="..\Source\Shaders\PBRVertexShader.hlsl">
      <Filter>Source\Shaders</Filter>
    </FxCompile>
    <FxCompile Include="..\Source\Shaders\PBRPixelShader.hlsl">
      <Filter>Source\Shaders</Filter>
    </FxCompile>
  </ItemGroup>
  <ItemGroup>
    <None Include="packages.config" />
  </ItemGroup>
</Project>