<?xml version="1.0" encoding="utf-8"?>
<Project ToolsVersion="4.0" xmlns="http://schemas.microsoft.com/developer/msbuild/2003">
  <ItemGroup>
    <Filter Include="Source">
      <UniqueIdentifier>{67cf2536-a911-47d6-8ace-b669d4445616}</UniqueIdentifier>
    </Filter>
    <Filter Include="Source\Graphics">
      <UniqueIdentifier>{fc3a2248-21fa-4fcd-83e7-a6a72d525ce2}</UniqueIdentifier>
    </Filter>
    <Filter Include="Source\Input">
      <UniqueIdentifier>{f4c82167-965f-468b-b45f-f20d90413f82}</UniqueIdentifier>
    </Filter>
    <Filter Include="Source\Input\Mouse">
      <UniqueIdentifier>{b259988c-0b51-4443-a072-22a8cc88147e}</UniqueIdentifier>
    </Filter>
    <Filter Include="Source\Input\Keyboard">
      <UniqueIdentifier>{d551fada-d948-41a0-be4d-90b2dad28e1f}</UniqueIdentifier>
    </Filter>
    <Filter Include="Source\Shaders">
      <UniqueIdentifier>{b3a81d70-a6cd-4977-858a-5748d38178fc}</UniqueIdentifier>
    </Filter>
  </ItemGroup>
  <ItemGroup>
    <ClCompile Include="..\Source\main.cpp">
      <Filter>Source</Filter>
    </ClCompile>
    <ClCompile Include="..\Source\StringConverter.cpp">
      <Filter>Source</Filter>
    </ClCompile>
    <ClCompile Include="..\Source\ErrorLog.cpp">
      <Filter>Source</Filter>
    </ClCompile>
    <ClCompile Include="..\Source\RenderWindow.cpp">
      <Filter>Source</Filter>
    </ClCompile>
    <ClCompile Include="..\Source\Engine.cpp">
      <Filter>Source</Filter>
    </ClCompile>
    <ClCompile Include="..\Source\WindowContainer.cpp">
      <Filter>Source</Filter>
    </ClCompile>
    <ClCompile Include="..\Source\Input\Keyboard\KeyboardInput.cpp">
      <Filter>Source\Input\Keyboard</Filter>
    </ClCompile>
    <ClCompile Include="..\Source\Input\Keyboard\KeyboardEvent.cpp">
      <Filter>Source\Input\Keyboard</Filter>
    </ClCompile>
    <ClCompile Include="..\Source\Input\Mouse\MouseEvent.cpp">
      <Filter>Source\Input\Mouse</Filter>
    </ClCompile>
    <ClCompile Include="..\Source\Input\Mouse\MouseInput.cpp">
      <Filter>Source\Input\Mouse</Filter>
    </ClCompile>
    <ClCompile Include="..\Source\Graphics\Graphics.cpp">
      <Filter>Source\Graphics</Filter>
    </ClCompile>
    <ClCompile Include="..\Source\Graphics\AdapterReader.cpp">
      <Filter>Source\Graphics</Filter>
    </ClCompile>
    <ClCompile Include="..\Source\Input\InputHandler.cpp">
      <Filter>Source\Input</Filter>
    </ClCompile>
    <ClCompile Include="..\Source\Shaders\Shaders.cpp">
      <Filter>Source\Shaders</Filter>
    </ClCompile>
  </ItemGroup>
  <ItemGroup>
    <ClInclude Include="..\Source\StringConverter.h">
      <Filter>Source</Filter>
    </ClInclude>
    <ClInclude Include="..\Source\ErrorLog.h">
      <Filter>Source</Filter>
    </ClInclude>
    <ClInclude Include="..\Source\RenderWindow.h">
      <Filter>Source</Filter>
    </ClInclude>
    <ClInclude Include="..\Source\Engine.h">
      <Filter>Source</Filter>
    </ClInclude>
    <ClInclude Include="..\Source\WindowContainer.h">
      <Filter>Source</Filter>
    </ClInclude>
    <ClInclude Include="..\Source\Input\Keyboard\KeyboardInput.h">
      <Filter>Source\Input\Keyboard</Filter>
    </ClInclude>
    <ClInclude Include="..\Source\Input\Keyboard\KeyboardEvent.h">
      <Filter>Source\Input\Keyboard</Filter>
    </ClInclude>
    <ClInclude Include="..\Source\Input\Mouse\MouseInput.h">
      <Filter>Source\Input\Mouse</Filter>
    </ClInclude>
    <ClInclude Include="..\Source\Input\Mouse\MouseEvent.h">
      <Filter>Source\Input\Mouse</Filter>
    </ClInclude>
    <ClInclude Include="..\Source\Graphics\Graphics.h">
      <Filter>Source\Graphics</Filter>
    </ClInclude>
    <ClInclude Include="..\Source\Graphics\AdapterReader.h">
      <Filter>Source\Graphics</Filter>
    </ClInclude>
    <ClInclude Include="..\Source\Graphics\Vertex.h">
      <Filter>Source\Graphics</Filter>
    </ClInclude>
    <ClInclude Include="..\Source\Input\InputHandler.h">
      <Filter>Source\Input</Filter>
    </ClInclude>
    <ClInclude Include="..\Source\Shaders\Shaders.h">
      <Filter>Source\Shaders</Filter>
    </ClInclude>
  </ItemGroup>
  <ItemGroup>
    <FxCompile Include="..\Source\Shaders\vertexshader.hlsl">
      <Filter>Source\Shaders</Filter>
    </FxCompile>
    <FxCompile Include="..\Source\Shaders\pixelshader.hlsl">
      <Filter>Source\Shaders</Filter>
    </FxCompile>
  </ItemGroup>
  <ItemGroup>
    <None Include="packages.config" />
  </ItemGroup>
</Project>